
Microsoft Visual Studio Solution File, Format Version 12.00
Project("{FAE04EC0-301F-11D3-BF4B-00C04F79EFBC}") = "Avito.Service", "Avito.Service\Avito.Service.csproj", "{BBDA63E0-B30F-4747-BA76-924CA5247FAE}"
EndProject
Global
	GlobalSection(SolutionConfigurationPlatforms) = preSolution
		Debug|Any CPU = Debug|Any CPU
		Release|Any CPU = Release|Any CPU
	EndGlobalSection
	GlobalSection(ProjectConfigurationPlatforms) = postSolution
		{BBDA63E0-B30F-4747-BA76-924CA5247FAE}.Debug|Any CPU.ActiveCfg = Debug|Any CPU
		{BBDA63E0-B30F-4747-BA76-924CA5247FAE}.Debug|Any CPU.Build.0 = Debug|Any CPU
		{BBDA63E0-B30F-4747-BA76-924CA5247FAE}.Release|Any CPU.ActiveCfg = Release|Any CPU
		{BBDA63E0-B30F-4747-BA76-924CA5247FAE}.Release|Any CPU.Build.0 = Release|Any CPU
	EndGlobalSection
EndGlobal
